// !$*UTF8*$!
{
	archiveVersion = 1;
	classes = {
	};
	objectVersion = 46;
	objects = {

/* Begin PBXBuildFile section */
		0FE566781C73121400DBC7C8 /* superman.jpg in Resources */ = {isa = PBXBuildFile; fileRef = 0FE566771C73121400DBC7C8 /* superman.jpg */; };
		0FE5667A1C7315E600DBC7C8 /* DC Logos in Resources */ = {isa = PBXBuildFile; fileRef = 0FE566791C7315E600DBC7C8 /* DC Logos */; };
		0FE5668D1C7416EA00DBC7C8 /* Aquaman.jpg in Resources */ = {isa = PBXBuildFile; fileRef = 0FE5667F1C7416EA00DBC7C8 /* Aquaman.jpg */; };
		0FE5668E1C7416EA00DBC7C8 /* Batman.jpg in Resources */ = {isa = PBXBuildFile; fileRef = 0FE566801C7416EA00DBC7C8 /* Batman.jpg */; };
		0FE5668F1C7416EA00DBC7C8 /* Captain Marvel.jpg in Resources */ = {isa = PBXBuildFile; fileRef = 0FE566811C7416EA00DBC7C8 /* Captain Marvel.jpg */; };
		0FE566901C7416EA00DBC7C8 /* Cyborg.jpg in Resources */ = {isa = PBXBuildFile; fileRef = 0FE566821C7416EA00DBC7C8 /* Cyborg.jpg */; };
		0FE566911C7416EA00DBC7C8 /* Flash.jpg in Resources */ = {isa = PBXBuildFile; fileRef = 0FE566831C7416EA00DBC7C8 /* Flash.jpg */; };
		0FE566921C7416EA00DBC7C8 /* Green Arrow.jpeg in Resources */ = {isa = PBXBuildFile; fileRef = 0FE566841C7416EA00DBC7C8 /* Green Arrow.jpeg */; };
		0FE566931C7416EA00DBC7C8 /* Green Lantern.jpg in Resources */ = {isa = PBXBuildFile; fileRef = 0FE566851C7416EA00DBC7C8 /* Green Lantern.jpg */; };
		0FE566941C7416EA00DBC7C8 /* Hawkgirl.jpg in Resources */ = {isa = PBXBuildFile; fileRef = 0FE566861C7416EA00DBC7C8 /* Hawkgirl.jpg */; };
		0FE566951C7416EA00DBC7C8 /* martian manhunter.jpg in Resources */ = {isa = PBXBuildFile; fileRef = 0FE566871C7416EA00DBC7C8 /* martian manhunter.jpg */; };
		0FE566961C7416EA00DBC7C8 /* Nightwing.jpg in Resources */ = {isa = PBXBuildFile; fileRef = 0FE566881C7416EA00DBC7C8 /* Nightwing.jpg */; };
		0FE566971C7416EA00DBC7C8 /* Robin.jpeg in Resources */ = {isa = PBXBuildFile; fileRef = 0FE566891C7416EA00DBC7C8 /* Robin.jpeg */; };
		0FE566981C7416EA00DBC7C8 /* Supergirl.jpeg in Resources */ = {isa = PBXBuildFile; fileRef = 0FE5668A1C7416EA00DBC7C8 /* Supergirl.jpeg */; };
		0FE566991C7416EA00DBC7C8 /* Superman.png in Resources */ = {isa = PBXBuildFile; fileRef = 0FE5668B1C7416EA00DBC7C8 /* Superman.png */; };
		0FE5669A1C7416EA00DBC7C8 /* Wonder Woman.jpg in Resources */ = {isa = PBXBuildFile; fileRef = 0FE5668C1C7416EA00DBC7C8 /* Wonder Woman.jpg */; };
		3A55544A1BA930D800AF502F /* Keyboard.xib in Resources */ = {isa = PBXBuildFile; fileRef = 3A5554491BA930D800AF502F /* Keyboard.xib */; };
		3AAA639A1BA9263900E3822E /* AppDelegate.swift in Sources */ = {isa = PBXBuildFile; fileRef = 3AAA63991BA9263900E3822E /* AppDelegate.swift */; };
		3AAA639C1BA9263900E3822E /* ViewController.swift in Sources */ = {isa = PBXBuildFile; fileRef = 3AAA639B1BA9263900E3822E /* ViewController.swift */; };
		3AAA639F1BA9263900E3822E /* Main.storyboard in Resources */ = {isa = PBXBuildFile; fileRef = 3AAA639D1BA9263900E3822E /* Main.storyboard */; };
		3AAA63A11BA9263900E3822E /* Assets.xcassets in Resources */ = {isa = PBXBuildFile; fileRef = 3AAA63A01BA9263900E3822E /* Assets.xcassets */; };
		3AAA63A41BA9263900E3822E /* LaunchScreen.storyboard in Resources */ = {isa = PBXBuildFile; fileRef = 3AAA63A21BA9263900E3822E /* LaunchScreen.storyboard */; };
		3AAA63B31BA9283500E3822E /* KeyboardViewController.swift in Sources */ = {isa = PBXBuildFile; fileRef = 3AAA63B21BA9283500E3822E /* KeyboardViewController.swift */; };
		3AAA63B71BA9283500E3822E /* CalKeyboard.appex in Embed App Extensions */ = {isa = PBXBuildFile; fileRef = 3AAA63B01BA9283500E3822E /* CalKeyboard.appex */; settings = {ATTRIBUTES = (RemoveHeadersOnCopy, ); }; };
/* End PBXBuildFile section */

/* Begin PBXContainerItemProxy section */
		3AAA63B51BA9283500E3822E /* PBXContainerItemProxy */ = {
			isa = PBXContainerItemProxy;
			containerPortal = 3AAA638E1BA9263900E3822E /* Project object */;
			proxyType = 1;
			remoteGlobalIDString = 3AAA63AF1BA9283500E3822E;
			remoteInfo = CalKeyboard;
		};
/* End PBXContainerItemProxy section */

/* Begin PBXCopyFilesBuildPhase section */
		3AAA63BB1BA9283500E3822E /* Embed App Extensions */ = {
			isa = PBXCopyFilesBuildPhase;
			buildActionMask = 2147483647;
			dstPath = "";
			dstSubfolderSpec = 13;
			files = (
				3AAA63B71BA9283500E3822E /* CalKeyboard.appex in Embed App Extensions */,
			);
			name = "Embed App Extensions";
			runOnlyForDeploymentPostprocessing = 0;
		};
/* End PBXCopyFilesBuildPhase section */

/* Begin PBXFileReference section */
		0FE566771C73121400DBC7C8 /* superman.jpg */ = {isa = PBXFileReference; lastKnownFileType = image.jpeg; path = superman.jpg; sourceTree = "<group>"; };
		0FE566791C7315E600DBC7C8 /* DC Logos */ = {isa = PBXFileReference; lastKnownFileType = folder; path = "DC Logos"; sourceTree = "<group>"; };
		0FE5667F1C7416EA00DBC7C8 /* Aquaman.jpg */ = {isa = PBXFileReference; lastKnownFileType = image.jpeg; path = Aquaman.jpg; sourceTree = "<group>"; };
		0FE566801C7416EA00DBC7C8 /* Batman.jpg */ = {isa = PBXFileReference; lastKnownFileType = image.jpeg; path = Batman.jpg; sourceTree = "<group>"; };
		0FE566811C7416EA00DBC7C8 /* Captain Marvel.jpg */ = {isa = PBXFileReference; lastKnownFileType = image.jpeg; path = "Captain Marvel.jpg"; sourceTree = "<group>"; };
		0FE566821C7416EA00DBC7C8 /* Cyborg.jpg */ = {isa = PBXFileReference; lastKnownFileType = image.jpeg; path = Cyborg.jpg; sourceTree = "<group>"; };
		0FE566831C7416EA00DBC7C8 /* Flash.jpg */ = {isa = PBXFileReference; lastKnownFileType = image.jpeg; path = Flash.jpg; sourceTree = "<group>"; };
		0FE566841C7416EA00DBC7C8 /* Green Arrow.jpeg */ = {isa = PBXFileReference; lastKnownFileType = image.jpeg; path = "Green Arrow.jpeg"; sourceTree = "<group>"; };
		0FE566851C7416EA00DBC7C8 /* Green Lantern.jpg */ = {isa = PBXFileReference; lastKnownFileType = image.jpeg; path = "Green Lantern.jpg"; sourceTree = "<group>"; };
		0FE566861C7416EA00DBC7C8 /* Hawkgirl.jpg */ = {isa = PBXFileReference; lastKnownFileType = image.jpeg; path = Hawkgirl.jpg; sourceTree = "<group>"; };
		0FE566871C7416EA00DBC7C8 /* martian manhunter.jpg */ = {isa = PBXFileReference; lastKnownFileType = image.jpeg; path = "martian manhunter.jpg"; sourceTree = "<group>"; };
		0FE566881C7416EA00DBC7C8 /* Nightwing.jpg */ = {isa = PBXFileReference; lastKnownFileType = image.jpeg; path = Nightwing.jpg; sourceTree = "<group>"; };
		0FE566891C7416EA00DBC7C8 /* Robin.jpeg */ = {isa = PBXFileReference; lastKnownFileType = image.jpeg; path = Robin.jpeg; sourceTree = "<group>"; };
		0FE5668A1C7416EA00DBC7C8 /* Supergirl.jpeg */ = {isa = PBXFileReference; lastKnownFileType = image.jpeg; path = Supergirl.jpeg; sourceTree = "<group>"; };
		0FE5668B1C7416EA00DBC7C8 /* Superman.png */ = {isa = PBXFileReference; lastKnownFileType = image.png; path = Superman.png; sourceTree = "<group>"; };
		0FE5668C1C7416EA00DBC7C8 /* Wonder Woman.jpg */ = {isa = PBXFileReference; lastKnownFileType = image.jpeg; path = "Wonder Woman.jpg"; sourceTree = "<group>"; };
		3A5554491BA930D800AF502F /* Keyboard.xib */ = {isa = PBXFileReference; fileEncoding = 4; lastKnownFileType = file.xib; path = Keyboard.xib; sourceTree = "<group>"; };
		3AAA63961BA9263900E3822E /* CustomKeyboard.app */ = {isa = PBXFileReference; explicitFileType = wrapper.application; includeInIndex = 0; path = CustomKeyboard.app; sourceTree = BUILT_PRODUCTS_DIR; };
		3AAA63991BA9263900E3822E /* AppDelegate.swift */ = {isa = PBXFileReference; lastKnownFileType = sourcecode.swift; path = AppDelegate.swift; sourceTree = "<group>"; };
		3AAA639B1BA9263900E3822E /* ViewController.swift */ = {isa = PBXFileReference; lastKnownFileType = sourcecode.swift; path = ViewController.swift; sourceTree = "<group>"; };
		3AAA639E1BA9263900E3822E /* Base */ = {isa = PBXFileReference; lastKnownFileType = file.storyboard; name = Base; path = Base.lproj/Main.storyboard; sourceTree = "<group>"; };
		3AAA63A01BA9263900E3822E /* Assets.xcassets */ = {isa = PBXFileReference; lastKnownFileType = folder.assetcatalog; path = Assets.xcassets; sourceTree = "<group>"; };
		3AAA63A31BA9263900E3822E /* Base */ = {isa = PBXFileReference; lastKnownFileType = file.storyboard; name = Base; path = Base.lproj/LaunchScreen.storyboard; sourceTree = "<group>"; };
		3AAA63A51BA9263900E3822E /* Info.plist */ = {isa = PBXFileReference; lastKnownFileType = text.plist.xml; path = Info.plist; sourceTree = "<group>"; };
		3AAA63B01BA9283500E3822E /* CalKeyboard.appex */ = {isa = PBXFileReference; explicitFileType = "wrapper.app-extension"; includeInIndex = 0; path = CalKeyboard.appex; sourceTree = BUILT_PRODUCTS_DIR; };
		3AAA63B21BA9283500E3822E /* KeyboardViewController.swift */ = {isa = PBXFileReference; lastKnownFileType = sourcecode.swift; path = KeyboardViewController.swift; sourceTree = "<group>"; };
		3AAA63B41BA9283500E3822E /* Info.plist */ = {isa = PBXFileReference; lastKnownFileType = text.plist.xml; path = Info.plist; sourceTree = "<group>"; };
/* End PBXFileReference section */

/* Begin PBXFrameworksBuildPhase section */
		3AAA63931BA9263900E3822E /* Frameworks */ = {
			isa = PBXFrameworksBuildPhase;
			buildActionMask = 2147483647;
			files = (
			);
			runOnlyForDeploymentPostprocessing = 0;
		};
		3AAA63AD1BA9283500E3822E /* Frameworks */ = {
			isa = PBXFrameworksBuildPhase;
			buildActionMask = 2147483647;
			files = (
			);
			runOnlyForDeploymentPostprocessing = 0;
		};
/* End PBXFrameworksBuildPhase section */

/* Begin PBXGroup section */
		3AAA638D1BA9263900E3822E = {
			isa = PBXGroup;
			children = (
				3AAA63981BA9263900E3822E /* CustomKeyboard */,
				3AAA63B11BA9283500E3822E /* CalKeyboard */,
				3AAA63971BA9263900E3822E /* Products */,
			);
			sourceTree = "<group>";
		};
		3AAA63971BA9263900E3822E /* Products */ = {
			isa = PBXGroup;
			children = (
				3AAA63961BA9263900E3822E /* CustomKeyboard.app */,
				3AAA63B01BA9283500E3822E /* CalKeyboard.appex */,
			);
			name = Products;
			sourceTree = "<group>";
		};
		3AAA63981BA9263900E3822E /* CustomKeyboard */ = {
			isa = PBXGroup;
			children = (
				3AAA63991BA9263900E3822E /* AppDelegate.swift */,
				3AAA639B1BA9263900E3822E /* ViewController.swift */,
				3AAA639D1BA9263900E3822E /* Main.storyboard */,
				3AAA63A01BA9263900E3822E /* Assets.xcassets */,
				3AAA63A21BA9263900E3822E /* LaunchScreen.storyboard */,
				3AAA63A51BA9263900E3822E /* Info.plist */,
			);
			path = CustomKeyboard;
			sourceTree = "<group>";
		};
		3AAA63B11BA9283500E3822E /* CalKeyboard */ = {
			isa = PBXGroup;
			children = (
				0FE5667F1C7416EA00DBC7C8 /* Aquaman.jpg */,
				0FE566801C7416EA00DBC7C8 /* Batman.jpg */,
				0FE566811C7416EA00DBC7C8 /* Captain Marvel.jpg */,
				0FE566821C7416EA00DBC7C8 /* Cyborg.jpg */,
				0FE566831C7416EA00DBC7C8 /* Flash.jpg */,
				0FE566841C7416EA00DBC7C8 /* Green Arrow.jpeg */,
				0FE566851C7416EA00DBC7C8 /* Green Lantern.jpg */,
				0FE566861C7416EA00DBC7C8 /* Hawkgirl.jpg */,
				0FE566871C7416EA00DBC7C8 /* martian manhunter.jpg */,
				0FE566881C7416EA00DBC7C8 /* Nightwing.jpg */,
				0FE566891C7416EA00DBC7C8 /* Robin.jpeg */,
				0FE5668A1C7416EA00DBC7C8 /* Supergirl.jpeg */,
				0FE5668B1C7416EA00DBC7C8 /* Superman.png */,
				0FE5668C1C7416EA00DBC7C8 /* Wonder Woman.jpg */,
				0FE566791C7315E600DBC7C8 /* DC Logos */,
				0FE566771C73121400DBC7C8 /* superman.jpg */,
				3AAA63B21BA9283500E3822E /* KeyboardViewController.swift */,
				3A5554491BA930D800AF502F /* Keyboard.xib */,
				3AAA63B41BA9283500E3822E /* Info.plist */,
			);
			path = CalKeyboard;
			sourceTree = "<group>";
		};
/* End PBXGroup section */

/* Begin PBXNativeTarget section */
		3AAA63951BA9263900E3822E /* CustomKeyboard */ = {
			isa = PBXNativeTarget;
			buildConfigurationList = 3AAA63A81BA9263900E3822E /* Build configuration list for PBXNativeTarget "CustomKeyboard" */;
			buildPhases = (
				3AAA63921BA9263900E3822E /* Sources */,
				3AAA63931BA9263900E3822E /* Frameworks */,
				3AAA63941BA9263900E3822E /* Resources */,
				3AAA63BB1BA9283500E3822E /* Embed App Extensions */,
			);
			buildRules = (
			);
			dependencies = (
				3AAA63B61BA9283500E3822E /* PBXTargetDependency */,
			);
			name = CustomKeyboard;
			productName = CustomKeyboard;
			productReference = 3AAA63961BA9263900E3822E /* CustomKeyboard.app */;
			productType = "com.apple.product-type.application";
		};
		3AAA63AF1BA9283500E3822E /* CalKeyboard */ = {
			isa = PBXNativeTarget;
			buildConfigurationList = 3AAA63B81BA9283500E3822E /* Build configuration list for PBXNativeTarget "CalKeyboard" */;
			buildPhases = (
				3AAA63AC1BA9283500E3822E /* Sources */,
				3AAA63AD1BA9283500E3822E /* Frameworks */,
				3AAA63AE1BA9283500E3822E /* Resources */,
			);
			buildRules = (
			);
			dependencies = (
			);
			name = CalKeyboard;
			productName = CalKeyboard;
			productReference = 3AAA63B01BA9283500E3822E /* CalKeyboard.appex */;
			productType = "com.apple.product-type.app-extension";
		};
/* End PBXNativeTarget section */

/* Begin PBXProject section */
		3AAA638E1BA9263900E3822E /* Project object */ = {
			isa = PBXProject;
			attributes = {
				LastUpgradeCheck = 0700;
				ORGANIZATIONNAME = "iOS Decal";
				TargetAttributes = {
					3AAA63951BA9263900E3822E = {
						CreatedOnToolsVersion = 7.0;
					};
					3AAA63AF1BA9283500E3822E = {
						CreatedOnToolsVersion = 7.0;
					};
				};
			};
			buildConfigurationList = 3AAA63911BA9263900E3822E /* Build configuration list for PBXProject "CustomKeyboard" */;
			compatibilityVersion = "Xcode 3.2";
			developmentRegion = English;
			hasScannedForEncodings = 0;
			knownRegions = (
				en,
				Base,
			);
			mainGroup = 3AAA638D1BA9263900E3822E;
			productRefGroup = 3AAA63971BA9263900E3822E /* Products */;
			projectDirPath = "";
			projectRoot = "";
			targets = (
				3AAA63951BA9263900E3822E /* CustomKeyboard */,
				3AAA63AF1BA9283500E3822E /* CalKeyboard */,
			);
		};
/* End PBXProject section */

/* Begin PBXResourcesBuildPhase section */
		3AAA63941BA9263900E3822E /* Resources */ = {
			isa = PBXResourcesBuildPhase;
			buildActionMask = 2147483647;
			files = (
				3AAA63A41BA9263900E3822E /* LaunchScreen.storyboard in Resources */,
				3AAA63A11BA9263900E3822E /* Assets.xcassets in Resources */,
				3AAA639F1BA9263900E3822E /* Main.storyboard in Resources */,
			);
			runOnlyForDeploymentPostprocessing = 0;
		};
		3AAA63AE1BA9283500E3822E /* Resources */ = {
			isa = PBXResourcesBuildPhase;
			buildActionMask = 2147483647;
			files = (
				0FE566921C7416EA00DBC7C8 /* Green Arrow.jpeg in Resources */,
				0FE566911C7416EA00DBC7C8 /* Flash.jpg in Resources */,
				0FE566991C7416EA00DBC7C8 /* Superman.png in Resources */,
				0FE5668F1C7416EA00DBC7C8 /* Captain Marvel.jpg in Resources */,
				0FE5667A1C7315E600DBC7C8 /* DC Logos in Resources */,
				0FE566961C7416EA00DBC7C8 /* Nightwing.jpg in Resources */,
				0FE566781C73121400DBC7C8 /* superman.jpg in Resources */,
				0FE5669A1C7416EA00DBC7C8 /* Wonder Woman.jpg in Resources */,
				0FE566931C7416EA00DBC7C8 /* Green Lantern.jpg in Resources */,
				0FE5668E1C7416EA00DBC7C8 /* Batman.jpg in Resources */,
				0FE566981C7416EA00DBC7C8 /* Supergirl.jpeg in Resources */,
				0FE566971C7416EA00DBC7C8 /* Robin.jpeg in Resources */,
				0FE566901C7416EA00DBC7C8 /* Cyborg.jpg in Resources */,
				0FE5668D1C7416EA00DBC7C8 /* Aquaman.jpg in Resources */,
				0FE566951C7416EA00DBC7C8 /* martian manhunter.jpg in Resources */,
				3A55544A1BA930D800AF502F /* Keyboard.xib in Resources */,
				0FE566941C7416EA00DBC7C8 /* Hawkgirl.jpg in Resources */,
			);
			runOnlyForDeploymentPostprocessing = 0;
		};
/* End PBXResourcesBuildPhase section */

/* Begin PBXSourcesBuildPhase section */
		3AAA63921BA9263900E3822E /* Sources */ = {
			isa = PBXSourcesBuildPhase;
			buildActionMask = 2147483647;
			files = (
				3AAA639C1BA9263900E3822E /* ViewController.swift in Sources */,
				3AAA639A1BA9263900E3822E /* AppDelegate.swift in Sources */,
			);
			runOnlyForDeploymentPostprocessing = 0;
		};
		3AAA63AC1BA9283500E3822E /* Sources */ = {
			isa = PBXSourcesBuildPhase;
			buildActionMask = 2147483647;
			files = (
				3AAA63B31BA9283500E3822E /* KeyboardViewController.swift in Sources */,
			);
			runOnlyForDeploymentPostprocessing = 0;
		};
/* End PBXSourcesBuildPhase section */

/* Begin PBXTargetDependency section */
		3AAA63B61BA9283500E3822E /* PBXTargetDependency */ = {
			isa = PBXTargetDependency;
			target = 3AAA63AF1BA9283500E3822E /* CalKeyboard */;
			targetProxy = 3AAA63B51BA9283500E3822E /* PBXContainerItemProxy */;
		};
/* End PBXTargetDependency section */

/* Begin PBXVariantGroup section */
		3AAA639D1BA9263900E3822E /* Main.storyboard */ = {
			isa = PBXVariantGroup;
			children = (
				3AAA639E1BA9263900E3822E /* Base */,
			);
			name = Main.storyboard;
			sourceTree = "<group>";
		};
		3AAA63A21BA9263900E3822E /* LaunchScreen.storyboard */ = {
			isa = PBXVariantGroup;
			children = (
				3AAA63A31BA9263900E3822E /* Base */,
			);
			name = LaunchScreen.storyboard;
			sourceTree = "<group>";
		};
/* End PBXVariantGroup section */

/* Begin XCBuildConfiguration section */
		3AAA63A61BA9263900E3822E /* Debug */ = {
			isa = XCBuildConfiguration;
			buildSettings = {
				ALWAYS_SEARCH_USER_PATHS = NO;
				CLANG_CXX_LANGUAGE_STANDARD = "gnu++0x";
				CLANG_CXX_LIBRARY = "libc++";
				CLANG_ENABLE_MODULES = YES;
				CLANG_ENABLE_OBJC_ARC = YES;
				CLANG_WARN_BOOL_CONVERSION = YES;
				CLANG_WARN_CONSTANT_CONVERSION = YES;
				CLANG_WARN_DIRECT_OBJC_ISA_USAGE = YES_ERROR;
				CLANG_WARN_EMPTY_BODY = YES;
				CLANG_WARN_ENUM_CONVERSION = YES;
				CLANG_WARN_INT_CONVERSION = YES;
				CLANG_WARN_OBJC_ROOT_CLASS = YES_ERROR;
				CLANG_WARN_UNREACHABLE_CODE = YES;
				CLANG_WARN__DUPLICATE_METHOD_MATCH = YES;
				"CODE_SIGN_IDENTITY[sdk=iphoneos*]" = "iPhone Developer";
				COPY_PHASE_STRIP = NO;
				DEBUG_INFORMATION_FORMAT = dwarf;
				ENABLE_STRICT_OBJC_MSGSEND = YES;
				ENABLE_TESTABILITY = YES;
				GCC_C_LANGUAGE_STANDARD = gnu99;
				GCC_DYNAMIC_NO_PIC = NO;
				GCC_NO_COMMON_BLOCKS = YES;
				GCC_OPTIMIZATION_LEVEL = 0;
				GCC_PREPROCESSOR_DEFINITIONS = (
					"DEBUG=1",
					"$(inherited)",
				);
				GCC_WARN_64_TO_32_BIT_CONVERSION = YES;
				GCC_WARN_ABOUT_RETURN_TYPE = YES_ERROR;
				GCC_WARN_UNDECLARED_SELECTOR = YES;
				GCC_WARN_UNINITIALIZED_AUTOS = YES_AGGRESSIVE;
				GCC_WARN_UNUSED_FUNCTION = YES;
				GCC_WARN_UNUSED_VARIABLE = YES;
				IPHONEOS_DEPLOYMENT_TARGET = 9.0;
				MTL_ENABLE_DEBUG_INFO = YES;
				ONLY_ACTIVE_ARCH = YES;
				SDKROOT = iphoneos;
				SWIFT_OPTIMIZATION_LEVEL = "-Onone";
			};
			name = Debug;
		};
		3AAA63A71BA9263900E3822E /* Release */ = {
			isa = XCBuildConfiguration;
			buildSettings = {
				ALWAYS_SEARCH_USER_PATHS = NO;
				CLANG_CXX_LANGUAGE_STANDARD = "gnu++0x";
				CLANG_CXX_LIBRARY = "libc++";
				CLANG_ENABLE_MODULES = YES;
				CLANG_ENABLE_OBJC_ARC = YES;
				CLANG_WARN_BOOL_CONVERSION = YES;
				CLANG_WARN_CONSTANT_CONVERSION = YES;
				CLANG_WARN_DIRECT_OBJC_ISA_USAGE = YES_ERROR;
				CLANG_WARN_EMPTY_BODY = YES;
				CLANG_WARN_ENUM_CONVERSION = YES;
				CLANG_WARN_INT_CONVERSION = YES;
				CLANG_WARN_OBJC_ROOT_CLASS = YES_ERROR;
				CLANG_WARN_UNREACHABLE_CODE = YES;
				CLANG_WARN__DUPLICATE_METHOD_MATCH = YES;
				"CODE_SIGN_IDENTITY[sdk=iphoneos*]" = "iPhone Developer";
				COPY_PHASE_STRIP = NO;
				DEBUG_INFORMATION_FORMAT = "dwarf-with-dsym";
				ENABLE_NS_ASSERTIONS = NO;
				ENABLE_STRICT_OBJC_MSGSEND = YES;
				GCC_C_LANGUAGE_STANDARD = gnu99;
				GCC_NO_COMMON_BLOCKS = YES;
				GCC_WARN_64_TO_32_BIT_CONVERSION = YES;
				GCC_WARN_ABOUT_RETURN_TYPE = YES_ERROR;
				GCC_WARN_UNDECLARED_SELECTOR = YES;
				GCC_WARN_UNINITIALIZED_AUTOS = YES_AGGRESSIVE;
				GCC_WARN_UNUSED_FUNCTION = YES;
				GCC_WARN_UNUSED_VARIABLE = YES;
				IPHONEOS_DEPLOYMENT_TARGET = 9.0;
				MTL_ENABLE_DEBUG_INFO = NO;
				SDKROOT = iphoneos;
				VALIDATE_PRODUCT = YES;
			};
			name = Release;
		};
		3AAA63A91BA9263900E3822E /* Debug */ = {
			isa = XCBuildConfiguration;
			buildSettings = {
				ASSETCATALOG_COMPILER_APPICON_NAME = AppIcon;
				EMBEDDED_CONTENT_CONTAINS_SWIFT = YES;
				INFOPLIST_FILE = CustomKeyboard/Info.plist;
				LD_RUNPATH_SEARCH_PATHS = "$(inherited) @executable_path/Frameworks";
				PRODUCT_BUNDLE_IDENTIFIER = "cs198-1.CustomKeyboard";
				PRODUCT_NAME = "$(TARGET_NAME)";
			};
			name = Debug;
		};
		3AAA63AA1BA9263900E3822E /* Release */ = {
			isa = XCBuildConfiguration;
			buildSettings = {
				ASSETCATALOG_COMPILER_APPICON_NAME = AppIcon;
				EMBEDDED_CONTENT_CONTAINS_SWIFT = YES;
				INFOPLIST_FILE = CustomKeyboard/Info.plist;
				LD_RUNPATH_SEARCH_PATHS = "$(inherited) @executable_path/Frameworks";
				PRODUCT_BUNDLE_IDENTIFIER = "cs198-1.CustomKeyboard";
				PRODUCT_NAME = "$(TARGET_NAME)";
			};
			name = Release;
		};
		3AAA63B91BA9283500E3822E /* Debug */ = {
			isa = XCBuildConfiguration;
			buildSettings = {
				INFOPLIST_FILE = CalKeyboard/Info.plist;
				LD_RUNPATH_SEARCH_PATHS = "$(inherited) @executable_path/Frameworks @executable_path/../../Frameworks";
				PRODUCT_BUNDLE_IDENTIFIER = "cs198-1.CustomKeyboard.CalKeyboard";
				PRODUCT_NAME = "$(TARGET_NAME)";
				SKIP_INSTALL = YES;
			};
			name = Debug;
		};
		3AAA63BA1BA9283500E3822E /* Release */ = {
			isa = XCBuildConfiguration;
			buildSettings = {
				INFOPLIST_FILE = CalKeyboard/Info.plist;
				LD_RUNPATH_SEARCH_PATHS = "$(inherited) @executable_path/Frameworks @executable_path/../../Frameworks";
				PRODUCT_BUNDLE_IDENTIFIER = "cs198-1.CustomKeyboard.CalKeyboard";
				PRODUCT_NAME = "$(TARGET_NAME)";
				SKIP_INSTALL = YES;
			};
			name = Release;
		};
/* End XCBuildConfiguration section */

/* Begin XCConfigurationList section */
		3AAA63911BA9263900E3822E /* Build configuration list for PBXProject "CustomKeyboard" */ = {
			isa = XCConfigurationList;
			buildConfigurations = (
				3AAA63A61BA9263900E3822E /* Debug */,
				3AAA63A71BA9263900E3822E /* Release */,
			);
			defaultConfigurationIsVisible = 0;
			defaultConfigurationName = Release;
		};
		3AAA63A81BA9263900E3822E /* Build configuration list for PBXNativeTarget "CustomKeyboard" */ = {
			isa = XCConfigurationList;
			buildConfigurations = (
				3AAA63A91BA9263900E3822E /* Debug */,
				3AAA63AA1BA9263900E3822E /* Release */,
			);
			defaultConfigurationIsVisible = 0;
			defaultConfigurationName = Release;
		};
		3AAA63B81BA9283500E3822E /* Build configuration list for PBXNativeTarget "CalKeyboard" */ = {
			isa = XCConfigurationList;
			buildConfigurations = (
				3AAA63B91BA9283500E3822E /* Debug */,
				3AAA63BA1BA9283500E3822E /* Release */,
			);
			defaultConfigurationIsVisible = 0;
			defaultConfigurationName = Release;
		};
/* End XCConfigurationList section */
	};
	rootObject = 3AAA638E1BA9263900E3822E /* Project object */;
}
